// !$*UTF8*$!
{
	archiveVersion = 1;
	classes = {
	};
	objectVersion = 46;
	objects = {

/* Begin PBXBuildFile section */
		8AF80C681DC3ECA100D16F85 /* main.c in Sources */ = {isa = PBXBuildFile; fileRef = 8AF80C671DC3ECA100D16F85 /* main.c */; };
/* End PBXBuildFile section */

/* Begin PBXCopyFilesBuildPhase section */
		8AF80C621DC3ECA100D16F85 /* CopyFiles */ = {
			isa = PBXCopyFilesBuildPhase;
			buildActionMask = 2147483647;
			dstPath = /usr/share/man/man1/;
			dstSubfolderSpec = 0;
			files = (
			);
			runOnlyForDeploymentPostprocessing = 1;
		};
/* End PBXCopyFilesBuildPhase section */

/* Begin PBXFileReference section */
		8A37D5831DC76A5C0099CB04 /* TopSec.h */ = {isa = PBXFileReference; fileEncoding = 4; lastKnownFileType = sourcecode.c.h; path = TopSec.h; sourceTree = "<group>"; };
		8A66D2FF1DC60072006F2AA2 /* AD-DA-Wandlung */ = {isa = PBXFileReference; lastKnownFileType = folder; name = "AD-DA-Wandlung"; path = "../../../PSP/psp-aufgaben/Versuch 1/Codegeruest/AD-DA-Wandlung"; sourceTree = "<group>"; };
		8A66D3001DC60072006F2AA2 /* ADCMenue */ = {isa = PBXFileReference; lastKnownFileType = folder; name = ADCMenue; path = "../../../PSP/psp-aufgaben/Versuch 1/Codegeruest/ADCMenue"; sourceTree = "<group>"; };
		8AF80C641DC3ECA100D16F85 /* c-programming */ = {isa = PBXFileReference; explicitFileType = "compiled.mach-o.executable"; includeInIndex = 0; path = "c-programming"; sourceTree = BUILT_PRODUCTS_DIR; };
		8AF80C671DC3ECA100D16F85 /* main.c */ = {isa = PBXFileReference; lastKnownFileType = sourcecode.c.c; path = main.c; sourceTree = "<group>"; };
/* End PBXFileReference section */

/* Begin PBXFrameworksBuildPhase section */
		8AF80C611DC3ECA100D16F85 /* Frameworks */ = {
			isa = PBXFrameworksBuildPhase;
			buildActionMask = 2147483647;
			files = (
			);
			runOnlyForDeploymentPostprocessing = 0;
		};
/* End PBXFrameworksBuildPhase section */

/* Begin PBXGroup section */
		8AF80C5B1DC3ECA100D16F85 = {
			isa = PBXGroup;
			children = (
				8AF80C661DC3ECA100D16F85 /* c-programming */,
				8AF80C651DC3ECA100D16F85 /* Products */,
				8A66D2FF1DC60072006F2AA2 /* AD-DA-Wandlung */,
				8A66D3001DC60072006F2AA2 /* ADCMenue */,
			);
			sourceTree = "<group>";
		};
		8AF80C651DC3ECA100D16F85 /* Products */ = {
			isa = PBXGroup;
			children = (
				8AF80C641DC3ECA100D16F85 /* c-programming */,
			);
			name = Products;
			sourceTree = "<group>";
		};
		8AF80C661DC3ECA100D16F85 /* c-programming */ = {
			isa = PBXGroup;
			children = (
				8AF80C671DC3ECA100D16F85 /* main.c */,
				8A37D5831DC76A5C0099CB04 /* TopSec.h */,
			);
			path = "c-programming";
			sourceTree = "<group>";
		};
/* End PBXGroup section */

/* Begin PBXNativeTarget section */
		8AF80C631DC3ECA100D16F85 /* c-programming */ = {
			isa = PBXNativeTarget;
			buildConfigurationList = 8AF80C6B1DC3ECA100D16F85 /* Build configuration list for PBXNativeTarget "c-programming" */;
			buildPhases = (
				8AF80C601DC3ECA100D16F85 /* Sources */,
				8AF80C611DC3ECA100D16F85 /* Frameworks */,
				8AF80C621DC3ECA100D16F85 /* CopyFiles */,
			);
			buildRules = (
			);
			dependencies = (
			);
			name = "c-programming";
			productName = "c-programming";
			productReference = 8AF80C641DC3ECA100D16F85 /* c-programming */;
			productType = "com.apple.product-type.tool";
		};
/* End PBXNativeTarget section */

/* Begin PBXProject section */
		8AF80C5C1DC3ECA100D16F85 /* Project object */ = {
			isa = PBXProject;
			attributes = {
				LastUpgradeCheck = 0800;
				ORGANIZATIONNAME = fzoozai;
				TargetAttributes = {
					8AF80C631DC3ECA100D16F85 = {
						CreatedOnToolsVersion = 8.0;
						ProvisioningStyle = Automatic;
					};
				};
			};
			buildConfigurationList = 8AF80C5F1DC3ECA100D16F85 /* Build configuration list for PBXProject "c-programming" */;
			compatibilityVersion = "Xcode 3.2";
			developmentRegion = English;
			hasScannedForEncodings = 0;
			knownRegions = (
				en,
			);
			mainGroup = 8AF80C5B1DC3ECA100D16F85;
			productRefGroup = 8AF80C651DC3ECA100D16F85 /* Products */;
			projectDirPath = "";
			projectRoot = "";
			targets = (
				8AF80C631DC3ECA100D16F85 /* c-programming */,
			);
		};
/* End PBXProject section */

/* Begin PBXSourcesBuildPhase section */
		8AF80C601DC3ECA100D16F85 /* Sources */ = {
			isa = PBXSourcesBuildPhase;
			buildActionMask = 2147483647;
			files = (
				8AF80C681DC3ECA100D16F85 /* main.c in Sources */,
			);
			runOnlyForDeploymentPostprocessing = 0;
		};
/* End PBXSourcesBuildPhase section */

/* Begin XCBuildConfiguration section */
		8AF80C691DC3ECA100D16F85 /* Debug */ = {
			isa = XCBuildConfiguration;
			buildSettings = {
				ALWAYS_SEARCH_USER_PATHS = NO;
				CLANG_ANALYZER_NONNULL = YES;
				CLANG_CXX_LANGUAGE_STANDARD = "gnu++0x";
				CLANG_CXX_LIBRARY = "libc++";
				CLANG_ENABLE_MODULES = YES;
				CLANG_ENABLE_OBJC_ARC = YES;
				CLANG_WARN_BOOL_CONVERSION = YES;
				CLANG_WARN_CONSTANT_CONVERSION = YES;
				CLANG_WARN_DIRECT_OBJC_ISA_USAGE = YES_ERROR;
				CLANG_WARN_DOCUMENTATION_COMMENTS = YES;
				CLANG_WARN_EMPTY_BODY = YES;
				CLANG_WARN_ENUM_CONVERSION = YES;
				CLANG_WARN_INFINITE_RECURSION = YES;
				CLANG_WARN_INT_CONVERSION = YES;
				CLANG_WARN_OBJC_ROOT_CLASS = YES_ERROR;
				CLANG_WARN_SUSPICIOUS_MOVES = YES;
				CLANG_WARN_UNREACHABLE_CODE = YES;
				CLANG_WARN__DUPLICATE_METHOD_MATCH = YES;
				CODE_SIGN_IDENTITY = "-";
				COPY_PHASE_STRIP = NO;
				DEBUG_INFORMATION_FORMAT = dwarf;
				ENABLE_STRICT_OBJC_MSGSEND = YES;
				ENABLE_TESTABILITY = YES;
				GCC_C_LANGUAGE_STANDARD = gnu99;
				GCC_DYNAMIC_NO_PIC = NO;
				GCC_NO_COMMON_BLOCKS = YES;
				GCC_OPTIMIZATION_LEVEL = 0;
				GCC_PREPROCESSOR_DEFINITIONS = (
					"DEBUG=1",
					"$(inherited)",
				);
				GCC_WARN_64_TO_32_BIT_CONVERSION = YES;
				GCC_WARN_ABOUT_RETURN_TYPE = YES_ERROR;
				GCC_WARN_UNDECLARED_SELECTOR = YES;
				GCC_WARN_UNINITIALIZED_AUTOS = YES_AGGRESSIVE;
				GCC_WARN_UNUSED_FUNCTION = YES;
				GCC_WARN_UNUSED_VARIABLE = YES;
				MACOSX_DEPLOYMENT_TARGET = 10.12;
				MTL_ENABLE_DEBUG_INFO = YES;
				ONLY_ACTIVE_ARCH = YES;
				SDKROOT = macosx;
			};
			name = Debug;
		};
		8AF80C6A1DC3ECA100D16F85 /* Release */ = {
			isa = XCBuildConfiguration;
			buildSettings = {
				ALWAYS_SEARCH_USER_PATHS = NO;
				CLANG_ANALYZER_NONNULL = YES;
				CLANG_CXX_LANGUAGE_STANDARD = "gnu++0x";
				CLANG_CXX_LIBRARY = "libc++";
				CLANG_ENABLE_MODULES = YES;
				CLANG_ENABLE_OBJC_ARC = YES;
				CLANG_WARN_BOOL_CONVERSION = YES;
				CLANG_WARN_CONSTANT_CONVERSION = YES;
				CLANG_WARN_DIRECT_OBJC_ISA_USAGE = YES_ERROR;
				CLANG_WARN_DOCUMENTATION_COMMENTS = YES;
				CLANG_WARN_EMPTY_BODY = YES;
				CLANG_WARN_ENUM_CONVERSION = YES;
				CLANG_WARN_INFINITE_RECURSION = YES;
				CLANG_WARN_INT_CONVERSION = YES;
				CLANG_WARN_OBJC_ROOT_CLASS = YES_ERROR;
				CLANG_WARN_SUSPICIOUS_MOVES = YES;
				CLANG_WARN_UNREACHABLE_CODE = YES;
				CLANG_WARN__DUPLICATE_METHOD_MATCH = YES;
				CODE_SIGN_IDENTITY = "-";
				COPY_PHASE_STRIP = NO;
				DEBUG_INFORMATION_FORMAT = "dwarf-with-dsym";
				ENABLE_NS_ASSERTIONS = NO;
				ENABLE_STRICT_OBJC_MSGSEND = YES;
				GCC_C_LANGUAGE_STANDARD = gnu99;
				GCC_NO_COMMON_BLOCKS = YES;
				GCC_WARN_64_TO_32_BIT_CONVERSION = YES;
				GCC_WARN_ABOUT_RETURN_TYPE = YES_ERROR;
				GCC_WARN_UNDECLARED_SELECTOR = YES;
				GCC_WARN_UNINITIALIZED_AUTOS = YES_AGGRESSIVE;
				GCC_WARN_UNUSED_FUNCTION = YES;
				GCC_WARN_UNUSED_VARIABLE = YES;
				MACOSX_DEPLOYMENT_TARGET = 10.12;
				MTL_ENABLE_DEBUG_INFO = NO;
				SDKROOT = macosx;
			};
			name = Release;
		};
		8AF80C6C1DC3ECA100D16F85 /* Debug */ = {
			isa = XCBuildConfiguration;
			buildSettings = {
				PRODUCT_NAME = "$(TARGET_NAME)";
			};
			name = Debug;
		};
		8AF80C6D1DC3ECA100D16F85 /* Release */ = {
			isa = XCBuildConfiguration;
			buildSettings = {
				PRODUCT_NAME = "$(TARGET_NAME)";
			};
			name = Release;
		};
/* End XCBuildConfiguration section */

/* Begin XCConfigurationList section */
		8AF80C5F1DC3ECA100D16F85 /* Build configuration list for PBXProject "c-programming" */ = {
			isa = XCConfigurationList;
			buildConfigurations = (
				8AF80C691DC3ECA100D16F85 /* Debug */,
				8AF80C6A1DC3ECA100D16F85 /* Release */,
			);
			defaultConfigurationIsVisible = 0;
			defaultConfigurationName = Release;
		};
		8AF80C6B1DC3ECA100D16F85 /* Build configuration list for PBXNativeTarget "c-programming" */ = {
			isa = XCConfigurationList;
			buildConfigurations = (
				8AF80C6C1DC3ECA100D16F85 /* Debug */,
				8AF80C6D1DC3ECA100D16F85 /* Release */,
			);
			defaultConfigurationIsVisible = 0;
			defaultConfigurationName = Release;
		};
/* End XCConfigurationList section */
	};
	rootObject = 8AF80C5C1DC3ECA100D16F85 /* Project object */;
}
